
Microsoft Visual Studio Solution File, Format Version 12.00
# Visual Studio Version 17
VisualStudioVersion = 17.5.33516.290
MinimumVisualStudioVersion = 10.0.40219.1
Project("{FAE04EC0-301F-11D3-BF4B-00C04F79EFBC}") = "Dequeue", "Dequeue\Dequeue.csproj", "{C4F6298F-39F5-40B9-BF3D-FD89A53C2E76}"
EndProject
Global
	GlobalSection(SolutionConfigurationPlatforms) = preSolution
		Debug|Any CPU = Debug|Any CPU
		Release|Any CPU = Release|Any CPU
	EndGlobalSection
	GlobalSection(ProjectConfigurationPlatforms) = postSolution
		{C4F6298F-39F5-40B9-BF3D-FD89A53C2E76}.Debug|Any CPU.ActiveCfg = Debug|Any CPU
		{C4F6298F-39F5-40B9-BF3D-FD89A53C2E76}.Debug|Any CPU.Build.0 = Debug|Any CPU
		{C4F6298F-39F5-40B9-BF3D-FD89A53C2E76}.Release|Any CPU.ActiveCfg = Release|Any CPU
		{C4F6298F-39F5-40B9-BF3D-FD89A53C2E76}.Release|Any CPU.Build.0 = Release|Any CPU
	EndGlobalSection
	GlobalSection(SolutionProperties) = preSolution
		HideSolutionNode = FALSE
	EndGlobalSection
	GlobalSection(ExtensibilityGlobals) = postSolution
		SolutionGuid = {24816074-342B-463C-9DD8-4903589F639C}
	EndGlobalSection
EndGlobal
